
Microsoft Visual Studio Solution File, Format Version 12.00
# Visual Studio Version 16
VisualStudioVersion = 16.0.30002.166
MinimumVisualStudioVersion = 10.0.40219.1
Project("{9A19103F-16F7-4668-BE54-9A1E7A4F7556}") = "C1Challenge", "C1Challenge\C1Challenge.csproj", "{F79B6AEE-156B-4FC8-8657-4E79F5E393EC}"
EndProject
Project("{FAE04EC0-301F-11D3-BF4B-00C04F79EFBC}") = "C2Challenge", "C2Challenge\C2Challenge.csproj", "{C04E113E-B33B-4B09-9E16-B0BDE05AFCD2}"
EndProject
Project("{9A19103F-16F7-4668-BE54-9A1E7A4F7556}") = "C3Challenge", "C3Challenge\C3Challenge.csproj", "{A3B95CD8-65C9-4B88-A5A4-280E8B1D4825}"
EndProject
Project("{FAE04EC0-301F-11D3-BF4B-00C04F79EFBC}") = "C4Challenge", "C4Challenge\C4Challenge.csproj", "{7DE77986-6C9B-4DFF-A5E6-A3756690643E}"
EndProject
Project("{FAE04EC0-301F-11D3-BF4B-00C04F79EFBC}") = "C6Challenge", "C6Challenge\C6Challenge.csproj", "{9B3CB53A-9224-4C4E-8136-F5A200173AB5}"
EndProject
Global
	GlobalSection(SolutionConfigurationPlatforms) = preSolution
		Debug|Any CPU = Debug|Any CPU
		Release|Any CPU = Release|Any CPU
	EndGlobalSection
	GlobalSection(ProjectConfigurationPlatforms) = postSolution
		{F79B6AEE-156B-4FC8-8657-4E79F5E393EC}.Debug|Any CPU.ActiveCfg = Debug|Any CPU
		{F79B6AEE-156B-4FC8-8657-4E79F5E393EC}.Debug|Any CPU.Build.0 = Debug|Any CPU
		{F79B6AEE-156B-4FC8-8657-4E79F5E393EC}.Release|Any CPU.ActiveCfg = Release|Any CPU
		{F79B6AEE-156B-4FC8-8657-4E79F5E393EC}.Release|Any CPU.Build.0 = Release|Any CPU
		{C04E113E-B33B-4B09-9E16-B0BDE05AFCD2}.Debug|Any CPU.ActiveCfg = Debug|Any CPU
		{C04E113E-B33B-4B09-9E16-B0BDE05AFCD2}.Debug|Any CPU.Build.0 = Debug|Any CPU
		{C04E113E-B33B-4B09-9E16-B0BDE05AFCD2}.Release|Any CPU.ActiveCfg = Release|Any CPU
		{C04E113E-B33B-4B09-9E16-B0BDE05AFCD2}.Release|Any CPU.Build.0 = Release|Any CPU
		{A3B95CD8-65C9-4B88-A5A4-280E8B1D4825}.Debug|Any CPU.ActiveCfg = Debug|Any CPU
		{A3B95CD8-65C9-4B88-A5A4-280E8B1D4825}.Debug|Any CPU.Build.0 = Debug|Any CPU
		{A3B95CD8-65C9-4B88-A5A4-280E8B1D4825}.Release|Any CPU.ActiveCfg = Release|Any CPU
		{A3B95CD8-65C9-4B88-A5A4-280E8B1D4825}.Release|Any CPU.Build.0 = Release|Any CPU
		{7DE77986-6C9B-4DFF-A5E6-A3756690643E}.Debug|Any CPU.ActiveCfg = Debug|Any CPU
		{7DE77986-6C9B-4DFF-A5E6-A3756690643E}.Debug|Any CPU.Build.0 = Debug|Any CPU
		{7DE77986-6C9B-4DFF-A5E6-A3756690643E}.Release|Any CPU.ActiveCfg = Release|Any CPU
		{7DE77986-6C9B-4DFF-A5E6-A3756690643E}.Release|Any CPU.Build.0 = Release|Any CPU
		{9B3CB53A-9224-4C4E-8136-F5A200173AB5}.Debug|Any CPU.ActiveCfg = Debug|Any CPU
		{9B3CB53A-9224-4C4E-8136-F5A200173AB5}.Debug|Any CPU.Build.0 = Debug|Any CPU
		{9B3CB53A-9224-4C4E-8136-F5A200173AB5}.Release|Any CPU.ActiveCfg = Release|Any CPU
		{9B3CB53A-9224-4C4E-8136-F5A200173AB5}.Release|Any CPU.Build.0 = Release|Any CPU
	EndGlobalSection
	GlobalSection(SolutionProperties) = preSolution
		HideSolutionNode = FALSE
	EndGlobalSection
	GlobalSection(ExtensibilityGlobals) = postSolution
		SolutionGuid = {0CC16F48-D4A0-49D1-82F5-0BDA2CD46F71}
	EndGlobalSection
EndGlobal
